
Microsoft Visual Studio Solution File, Format Version 12.00
# Visual Studio Version 17
VisualStudioVersion = 17.5.002.0
MinimumVisualStudioVersion = 10.0.40219.1
Project("{9A19103F-16F7-4668-BE54-9A1E7A4F7556}") = "api", "api\api.csproj", "{A3AD9DF2-9D2F-430E-801B-8D4F13DE9384}"
EndProject
Global
	GlobalSection(SolutionConfigurationPlatforms) = preSolution
		Debug|Any CPU = Debug|Any CPU
		Release|Any CPU = Release|Any CPU
	EndGlobalSection
	GlobalSection(ProjectConfigurationPlatforms) = postSolution
		{A3AD9DF2-9D2F-430E-801B-8D4F13DE9384}.Debug|Any CPU.ActiveCfg = Debug|Any CPU
		{A3AD9DF2-9D2F-430E-801B-8D4F13DE9384}.Debug|Any CPU.Build.0 = Debug|Any CPU
		{A3AD9DF2-9D2F-430E-801B-8D4F13DE9384}.Release|Any CPU.ActiveCfg = Release|Any CPU
		{A3AD9DF2-9D2F-430E-801B-8D4F13DE9384}.Release|Any CPU.Build.0 = Release|Any CPU
	EndGlobalSection
	GlobalSection(SolutionProperties) = preSolution
		HideSolutionNode = FALSE
	EndGlobalSection
	GlobalSection(ExtensibilityGlobals) = postSolution
		SolutionGuid = {FF0E3350-E4D1-49C2-94FE-7E0AE0DBD74D}
	EndGlobalSection
EndGlobal
