
Microsoft Visual Studio Solution File, Format Version 12.00
# Visual Studio Version 17
VisualStudioVersion = 17.5.002.0
MinimumVisualStudioVersion = 10.0.40219.1
Project("{9A19103F-16F7-4668-BE54-9A1E7A4F7556}") = "api", "api.csproj", "{5A41DC81-7DC3-4C61-95D5-1C3792F56718}"
EndProject
Global
	GlobalSection(SolutionConfigurationPlatforms) = preSolution
		Debug|Any CPU = Debug|Any CPU
		Release|Any CPU = Release|Any CPU
	EndGlobalSection
	GlobalSection(ProjectConfigurationPlatforms) = postSolution
		{5A41DC81-7DC3-4C61-95D5-1C3792F56718}.Debug|Any CPU.ActiveCfg = Debug|Any CPU
		{5A41DC81-7DC3-4C61-95D5-1C3792F56718}.Debug|Any CPU.Build.0 = Debug|Any CPU
		{5A41DC81-7DC3-4C61-95D5-1C3792F56718}.Release|Any CPU.ActiveCfg = Release|Any CPU
		{5A41DC81-7DC3-4C61-95D5-1C3792F56718}.Release|Any CPU.Build.0 = Release|Any CPU
	EndGlobalSection
	GlobalSection(SolutionProperties) = preSolution
		HideSolutionNode = FALSE
	EndGlobalSection
	GlobalSection(ExtensibilityGlobals) = postSolution
		SolutionGuid = {58443748-B84C-47CB-A3EF-4C70BDB195A8}
	EndGlobalSection
EndGlobal
